
Microsoft Visual Studio Solution File, Format Version 12.00
# Visual Studio Version 17
VisualStudioVersion = 17.8.34309.116
MinimumVisualStudioVersion = 10.0.40219.1
Project("{FAE04EC0-301F-11D3-BF4B-00C04F79EFBC}") = "WinFormsApp3", "WinFormsApp3.csproj", "{93696F7E-B139-4EB7-BD90-3B81A5539124}"
EndProject
Project("{9A19103F-16F7-4668-BE54-9A1E7A4F7556}") = "Core", "..\..\..\Downloads\flobad-online-bookstore-1eab97c8dfa9\Core\Core.csproj", "{38F9ACF0-AC3C-4837-AF74-10F5B87FF664}"
EndProject
Global
	GlobalSection(SolutionConfigurationPlatforms) = preSolution
		Debug|Any CPU = Debug|Any CPU
		Release|Any CPU = Release|Any CPU
	EndGlobalSection
	GlobalSection(ProjectConfigurationPlatforms) = postSolution
		{93696F7E-B139-4EB7-BD90-3B81A5539124}.Debug|Any CPU.ActiveCfg = Debug|Any CPU
		{93696F7E-B139-4EB7-BD90-3B81A5539124}.Debug|Any CPU.Build.0 = Debug|Any CPU
		{93696F7E-B139-4EB7-BD90-3B81A5539124}.Release|Any CPU.ActiveCfg = Release|Any CPU
		{93696F7E-B139-4EB7-BD90-3B81A5539124}.Release|Any CPU.Build.0 = Release|Any CPU
		{38F9ACF0-AC3C-4837-AF74-10F5B87FF664}.Debug|Any CPU.ActiveCfg = Debug|Any CPU
		{38F9ACF0-AC3C-4837-AF74-10F5B87FF664}.Debug|Any CPU.Build.0 = Debug|Any CPU
		{38F9ACF0-AC3C-4837-AF74-10F5B87FF664}.Release|Any CPU.ActiveCfg = Release|Any CPU
		{38F9ACF0-AC3C-4837-AF74-10F5B87FF664}.Release|Any CPU.Build.0 = Release|Any CPU
	EndGlobalSection
	GlobalSection(SolutionProperties) = preSolution
		HideSolutionNode = FALSE
	EndGlobalSection
	GlobalSection(ExtensibilityGlobals) = postSolution
		SolutionGuid = {4094513A-1B0A-4760-96D1-B7845857BE7C}
	EndGlobalSection
EndGlobal
